
Microsoft Visual Studio Solution File, Format Version 12.00
# Visual Studio Version 17
VisualStudioVersion = 17.11.35312.102
MinimumVisualStudioVersion = 10.0.40219.1
Project("{FAE04EC0-301F-11D3-BF4B-00C04F79EFBC}") = "MyBankProject", "MyBankProject.csproj", "{B2D2DBD0-45FA-4997-B4C0-A4BE29E4EC41}"
EndProject
Project("{FAE04EC0-301F-11D3-BF4B-00C04F79EFBC}") = "BankBussinessLayer", "..\BankBussinessLayer\BankBussinessLayer.csproj", "{7D3330CD-79A7-424C-9A2E-2A277D778BA2}"
EndProject
Project("{FAE04EC0-301F-11D3-BF4B-00C04F79EFBC}") = "BankDataLayer", "..\BankDataLayer\BankDataLayer.csproj", "{192F1E7C-8E76-406D-8E5B-3A93006F93B2}"
EndProject
Global
	GlobalSection(SolutionConfigurationPlatforms) = preSolution
		Debug|Any CPU = Debug|Any CPU
		Release|Any CPU = Release|Any CPU
	EndGlobalSection
	GlobalSection(ProjectConfigurationPlatforms) = postSolution
		{B2D2DBD0-45FA-4997-B4C0-A4BE29E4EC41}.Debug|Any CPU.ActiveCfg = Debug|Any CPU
		{B2D2DBD0-45FA-4997-B4C0-A4BE29E4EC41}.Debug|Any CPU.Build.0 = Debug|Any CPU
		{B2D2DBD0-45FA-4997-B4C0-A4BE29E4EC41}.Release|Any CPU.ActiveCfg = Release|Any CPU
		{B2D2DBD0-45FA-4997-B4C0-A4BE29E4EC41}.Release|Any CPU.Build.0 = Release|Any CPU
		{7D3330CD-79A7-424C-9A2E-2A277D778BA2}.Debug|Any CPU.ActiveCfg = Debug|Any CPU
		{7D3330CD-79A7-424C-9A2E-2A277D778BA2}.Debug|Any CPU.Build.0 = Debug|Any CPU
		{7D3330CD-79A7-424C-9A2E-2A277D778BA2}.Release|Any CPU.ActiveCfg = Release|Any CPU
		{7D3330CD-79A7-424C-9A2E-2A277D778BA2}.Release|Any CPU.Build.0 = Release|Any CPU
		{192F1E7C-8E76-406D-8E5B-3A93006F93B2}.Debug|Any CPU.ActiveCfg = Debug|Any CPU
		{192F1E7C-8E76-406D-8E5B-3A93006F93B2}.Debug|Any CPU.Build.0 = Debug|Any CPU
		{192F1E7C-8E76-406D-8E5B-3A93006F93B2}.Release|Any CPU.ActiveCfg = Release|Any CPU
		{192F1E7C-8E76-406D-8E5B-3A93006F93B2}.Release|Any CPU.Build.0 = Release|Any CPU
	EndGlobalSection
	GlobalSection(SolutionProperties) = preSolution
		HideSolutionNode = FALSE
	EndGlobalSection
	GlobalSection(ExtensibilityGlobals) = postSolution
		SolutionGuid = {4678B773-85E7-4CD6-AF04-9DAB9D0B60F7}
	EndGlobalSection
EndGlobal
